
Microsoft Visual Studio Solution File, Format Version 12.00
# Visual Studio Version 17
VisualStudioVersion = 17.2.32505.173
MinimumVisualStudioVersion = 10.0.40219.1
Project("{FAE04EC0-301F-11D3-BF4B-00C04F79EFBC}") = "HospitalManagementSystem", "HospitalManagementSystem\HospitalManagementSystem.csproj", "{CE81D6F9-9C4F-4813-96FC-3CC6840C4F54}"
EndProject
Global
	GlobalSection(SolutionConfigurationPlatforms) = preSolution
		Debug|Any CPU = Debug|Any CPU
		Release|Any CPU = Release|Any CPU
	EndGlobalSection
	GlobalSection(ProjectConfigurationPlatforms) = postSolution
		{CE81D6F9-9C4F-4813-96FC-3CC6840C4F54}.Debug|Any CPU.ActiveCfg = Debug|Any CPU
		{CE81D6F9-9C4F-4813-96FC-3CC6840C4F54}.Debug|Any CPU.Build.0 = Debug|Any CPU
		{CE81D6F9-9C4F-4813-96FC-3CC6840C4F54}.Release|Any CPU.ActiveCfg = Release|Any CPU
		{CE81D6F9-9C4F-4813-96FC-3CC6840C4F54}.Release|Any CPU.Build.0 = Release|Any CPU
	EndGlobalSection
	GlobalSection(SolutionProperties) = preSolution
		HideSolutionNode = FALSE
	EndGlobalSection
	GlobalSection(ExtensibilityGlobals) = postSolution
		SolutionGuid = {B0587A03-AC42-4406-9BA5-257B5E0D01FA}
	EndGlobalSection
EndGlobal
